// !$*UTF8*$!
{
	archiveVersion = 1;
	classes = {
	};
	objectVersion = 50;
	objects = {

/* Begin PBXBuildFile section */
		3298B83E26B47630005204BA /* ExperienceItem.swift in Sources */ = {isa = PBXBuildFile; fileRef = 3298B83D26B47630005204BA /* ExperienceItem.swift */; };
		329A99A6263616E900F42F7C /* HobbieItem.swift in Sources */ = {isa = PBXBuildFile; fileRef = 329A99A5263616E900F42F7C /* HobbieItem.swift */; };
		329E2A3026327AC5000B149C /* ExperienceView.swift in Sources */ = {isa = PBXBuildFile; fileRef = 329E2A2F26327AC5000B149C /* ExperienceView.swift */; };
		329E2A3726327B5D000B149C /* ResumeView.swift in Sources */ = {isa = PBXBuildFile; fileRef = 329E2A3626327B5D000B149C /* ResumeView.swift */; };
		329E2A3A26327BA1000B149C /* AboutView.swift in Sources */ = {isa = PBXBuildFile; fileRef = 329E2A3926327BA1000B149C /* AboutView.swift */; };
		32AB261626376E5A009192D2 /* LinkBubbleItem.swift in Sources */ = {isa = PBXBuildFile; fileRef = 32AB261526376E5A009192D2 /* LinkBubbleItem.swift */; };
		32B780C9263271AE002CF5A7 /* ResumeAppApp.swift in Sources */ = {isa = PBXBuildFile; fileRef = 32B780C8263271AE002CF5A7 /* ResumeAppApp.swift */; };
		32B780CB263271AE002CF5A7 /* HomeView.swift in Sources */ = {isa = PBXBuildFile; fileRef = 32B780CA263271AE002CF5A7 /* HomeView.swift */; };
		32B780CD263271AF002CF5A7 /* Assets.xcassets in Resources */ = {isa = PBXBuildFile; fileRef = 32B780CC263271AF002CF5A7 /* Assets.xcassets */; };
		32B780D0263271AF002CF5A7 /* Preview Assets.xcassets in Resources */ = {isa = PBXBuildFile; fileRef = 32B780CF263271AF002CF5A7 /* Preview Assets.xcassets */; };
		32F92F332636558200DEB438 /* PictureItem.swift in Sources */ = {isa = PBXBuildFile; fileRef = 32F92F322636558200DEB438 /* PictureItem.swift */; };
/* End PBXBuildFile section */

/* Begin PBXFileReference section */
		3298B83D26B47630005204BA /* ExperienceItem.swift */ = {isa = PBXFileReference; lastKnownFileType = sourcecode.swift; path = ExperienceItem.swift; sourceTree = "<group>"; };
		329A99A5263616E900F42F7C /* HobbieItem.swift */ = {isa = PBXFileReference; lastKnownFileType = sourcecode.swift; path = HobbieItem.swift; sourceTree = "<group>"; };
		329E2A2F26327AC5000B149C /* ExperienceView.swift */ = {isa = PBXFileReference; lastKnownFileType = sourcecode.swift; path = ExperienceView.swift; sourceTree = "<group>"; };
		329E2A3626327B5D000B149C /* ResumeView.swift */ = {isa = PBXFileReference; lastKnownFileType = sourcecode.swift; path = ResumeView.swift; sourceTree = "<group>"; };
		329E2A3926327BA1000B149C /* AboutView.swift */ = {isa = PBXFileReference; lastKnownFileType = sourcecode.swift; path = AboutView.swift; sourceTree = "<group>"; };
		32AB261526376E5A009192D2 /* LinkBubbleItem.swift */ = {isa = PBXFileReference; lastKnownFileType = sourcecode.swift; path = LinkBubbleItem.swift; sourceTree = "<group>"; };
		32B780C5263271AE002CF5A7 /* ResumeApp.app */ = {isa = PBXFileReference; explicitFileType = wrapper.application; includeInIndex = 0; path = ResumeApp.app; sourceTree = BUILT_PRODUCTS_DIR; };
		32B780C8263271AE002CF5A7 /* ResumeAppApp.swift */ = {isa = PBXFileReference; lastKnownFileType = sourcecode.swift; path = ResumeAppApp.swift; sourceTree = "<group>"; };
		32B780CA263271AE002CF5A7 /* HomeView.swift */ = {isa = PBXFileReference; lastKnownFileType = sourcecode.swift; path = HomeView.swift; sourceTree = "<group>"; };
		32B780CC263271AF002CF5A7 /* Assets.xcassets */ = {isa = PBXFileReference; lastKnownFileType = folder.assetcatalog; name = Assets.xcassets; path = /Users/evanwang/Documents/Xcode/ResumeApp/ResumeApp/Assets.xcassets; sourceTree = "<absolute>"; };
		32B780CF263271AF002CF5A7 /* Preview Assets.xcassets */ = {isa = PBXFileReference; lastKnownFileType = folder.assetcatalog; path = "Preview Assets.xcassets"; sourceTree = "<group>"; };
		32B780D1263271AF002CF5A7 /* Info.plist */ = {isa = PBXFileReference; lastKnownFileType = text.plist.xml; path = Info.plist; sourceTree = "<group>"; };
		32F92F322636558200DEB438 /* PictureItem.swift */ = {isa = PBXFileReference; lastKnownFileType = sourcecode.swift; path = PictureItem.swift; sourceTree = "<group>"; };
/* End PBXFileReference section */

/* Begin PBXFrameworksBuildPhase section */
		32B780C2263271AE002CF5A7 /* Frameworks */ = {
			isa = PBXFrameworksBuildPhase;
			buildActionMask = 2147483647;
			files = (
			);
			runOnlyForDeploymentPostprocessing = 0;
		};
/* End PBXFrameworksBuildPhase section */

/* Begin PBXGroup section */
		32B780BC263271AE002CF5A7 = {
			isa = PBXGroup;
			children = (
				32B780C7263271AE002CF5A7 /* ResumeApp */,
				32B780C6263271AE002CF5A7 /* Products */,
			);
			sourceTree = "<group>";
		};
		32B780C6263271AE002CF5A7 /* Products */ = {
			isa = PBXGroup;
			children = (
				32B780C5263271AE002CF5A7 /* ResumeApp.app */,
			);
			name = Products;
			sourceTree = "<group>";
		};
		32B780C7263271AE002CF5A7 /* ResumeApp */ = {
			isa = PBXGroup;
			children = (
				32B780D926327247002CF5A7 /* Components */,
				32B780D826327242002CF5A7 /* Screens */,
				32B780C8263271AE002CF5A7 /* ResumeAppApp.swift */,
				32B780CC263271AF002CF5A7 /* Assets.xcassets */,
				32B780D1263271AF002CF5A7 /* Info.plist */,
				32B780CE263271AF002CF5A7 /* Preview Content */,
			);
			path = ResumeApp;
			sourceTree = "<group>";
		};
		32B780CE263271AF002CF5A7 /* Preview Content */ = {
			isa = PBXGroup;
			children = (
				32B780CF263271AF002CF5A7 /* Preview Assets.xcassets */,
			);
			path = "Preview Content";
			sourceTree = "<group>";
		};
		32B780D826327242002CF5A7 /* Screens */ = {
			isa = PBXGroup;
			children = (
				32B780CA263271AE002CF5A7 /* HomeView.swift */,
				329E2A3926327BA1000B149C /* AboutView.swift */,
				329E2A3626327B5D000B149C /* ResumeView.swift */,
				329E2A2F26327AC5000B149C /* ExperienceView.swift */,
			);
			path = Screens;
			sourceTree = "<group>";
		};
		32B780D926327247002CF5A7 /* Components */ = {
			isa = PBXGroup;
			children = (
				329A99A5263616E900F42F7C /* HobbieItem.swift */,
				32F92F322636558200DEB438 /* PictureItem.swift */,
				32AB261526376E5A009192D2 /* LinkBubbleItem.swift */,
				3298B83D26B47630005204BA /* ExperienceItem.swift */,
			);
			path = Components;
			sourceTree = "<group>";
		};
/* End PBXGroup section */

/* Begin PBXNativeTarget section */
		32B780C4263271AE002CF5A7 /* ResumeApp */ = {
			isa = PBXNativeTarget;
			buildConfigurationList = 32B780D4263271AF002CF5A7 /* Build configuration list for PBXNativeTarget "ResumeApp" */;
			buildPhases = (
				32B780C1263271AE002CF5A7 /* Sources */,
				32B780C2263271AE002CF5A7 /* Frameworks */,
				32B780C3263271AE002CF5A7 /* Resources */,
			);
			buildRules = (
			);
			dependencies = (
			);
			name = ResumeApp;
			productName = ResumeApp;
			productReference = 32B780C5263271AE002CF5A7 /* ResumeApp.app */;
			productType = "com.apple.product-type.application";
		};
/* End PBXNativeTarget section */

/* Begin PBXProject section */
		32B780BD263271AE002CF5A7 /* Project object */ = {
			isa = PBXProject;
			attributes = {
				LastSwiftUpdateCheck = 1240;
				LastUpgradeCheck = 1240;
				TargetAttributes = {
					32B780C4263271AE002CF5A7 = {
						CreatedOnToolsVersion = 12.4;
					};
				};
			};
			buildConfigurationList = 32B780C0263271AE002CF5A7 /* Build configuration list for PBXProject "ResumeApp" */;
			compatibilityVersion = "Xcode 9.3";
			developmentRegion = en;
			hasScannedForEncodings = 0;
			knownRegions = (
				en,
				Base,
			);
			mainGroup = 32B780BC263271AE002CF5A7;
			productRefGroup = 32B780C6263271AE002CF5A7 /* Products */;
			projectDirPath = "";
			projectRoot = "";
			targets = (
				32B780C4263271AE002CF5A7 /* ResumeApp */,
			);
		};
/* End PBXProject section */

/* Begin PBXResourcesBuildPhase section */
		32B780C3263271AE002CF5A7 /* Resources */ = {
			isa = PBXResourcesBuildPhase;
			buildActionMask = 2147483647;
			files = (
				32B780D0263271AF002CF5A7 /* Preview Assets.xcassets in Resources */,
				32B780CD263271AF002CF5A7 /* Assets.xcassets in Resources */,
			);
			runOnlyForDeploymentPostprocessing = 0;
		};
/* End PBXResourcesBuildPhase section */

/* Begin PBXSourcesBuildPhase section */
		32B780C1263271AE002CF5A7 /* Sources */ = {
			isa = PBXSourcesBuildPhase;
			buildActionMask = 2147483647;
			files = (
				32AB261626376E5A009192D2 /* LinkBubbleItem.swift in Sources */,
				32B780CB263271AE002CF5A7 /* HomeView.swift in Sources */,
				3298B83E26B47630005204BA /* ExperienceItem.swift in Sources */,
				329A99A6263616E900F42F7C /* HobbieItem.swift in Sources */,
				329E2A3026327AC5000B149C /* ExperienceView.swift in Sources */,
				32B780C9263271AE002CF5A7 /* ResumeAppApp.swift in Sources */,
				329E2A3726327B5D000B149C /* ResumeView.swift in Sources */,
				329E2A3A26327BA1000B149C /* AboutView.swift in Sources */,
				32F92F332636558200DEB438 /* PictureItem.swift in Sources */,
			);
			runOnlyForDeploymentPostprocessing = 0;
		};
/* End PBXSourcesBuildPhase section */

/* Begin XCBuildConfiguration section */
		32B780D2263271AF002CF5A7 /* Debug */ = {
			isa = XCBuildConfiguration;
			buildSettings = {
				ALWAYS_SEARCH_USER_PATHS = NO;
				CLANG_ANALYZER_NONNULL = YES;
				CLANG_ANALYZER_NUMBER_OBJECT_CONVERSION = YES_AGGRESSIVE;
				CLANG_CXX_LANGUAGE_STANDARD = "gnu++14";
				CLANG_CXX_LIBRARY = "libc++";
				CLANG_ENABLE_MODULES = YES;
				CLANG_ENABLE_OBJC_ARC = YES;
				CLANG_ENABLE_OBJC_WEAK = YES;
				CLANG_WARN_BLOCK_CAPTURE_AUTORELEASING = YES;
				CLANG_WARN_BOOL_CONVERSION = YES;
				CLANG_WARN_COMMA = YES;
				CLANG_WARN_CONSTANT_CONVERSION = YES;
				CLANG_WARN_DEPRECATED_OBJC_IMPLEMENTATIONS = YES;
				CLANG_WARN_DIRECT_OBJC_ISA_USAGE = YES_ERROR;
				CLANG_WARN_DOCUMENTATION_COMMENTS = YES;
				CLANG_WARN_EMPTY_BODY = YES;
				CLANG_WARN_ENUM_CONVERSION = YES;
				CLANG_WARN_INFINITE_RECURSION = YES;
				CLANG_WARN_INT_CONVERSION = YES;
				CLANG_WARN_NON_LITERAL_NULL_CONVERSION = YES;
				CLANG_WARN_OBJC_IMPLICIT_RETAIN_SELF = YES;
				CLANG_WARN_OBJC_LITERAL_CONVERSION = YES;
				CLANG_WARN_OBJC_ROOT_CLASS = YES_ERROR;
				CLANG_WARN_QUOTED_INCLUDE_IN_FRAMEWORK_HEADER = YES;
				CLANG_WARN_RANGE_LOOP_ANALYSIS = YES;
				CLANG_WARN_STRICT_PROTOTYPES = YES;
				CLANG_WARN_SUSPICIOUS_MOVE = YES;
				CLANG_WARN_UNGUARDED_AVAILABILITY = YES_AGGRESSIVE;
				CLANG_WARN_UNREACHABLE_CODE = YES;
				CLANG_WARN__DUPLICATE_METHOD_MATCH = YES;
				COPY_PHASE_STRIP = NO;
				DEBUG_INFORMATION_FORMAT = dwarf;
				ENABLE_STRICT_OBJC_MSGSEND = YES;
				ENABLE_TESTABILITY = YES;
				GCC_C_LANGUAGE_STANDARD = gnu11;
				GCC_DYNAMIC_NO_PIC = NO;
				GCC_NO_COMMON_BLOCKS = YES;
				GCC_OPTIMIZATION_LEVEL = 0;
				GCC_PREPROCESSOR_DEFINITIONS = (
					"DEBUG=1",
					"$(inherited)",
				);
				GCC_WARN_64_TO_32_BIT_CONVERSION = YES;
				GCC_WARN_ABOUT_RETURN_TYPE = YES_ERROR;
				GCC_WARN_UNDECLARED_SELECTOR = YES;
				GCC_WARN_UNINITIALIZED_AUTOS = YES_AGGRESSIVE;
				GCC_WARN_UNUSED_FUNCTION = YES;
				GCC_WARN_UNUSED_VARIABLE = YES;
				IPHONEOS_DEPLOYMENT_TARGET = 14.4;
				MTL_ENABLE_DEBUG_INFO = INCLUDE_SOURCE;
				MTL_FAST_MATH = YES;
				ONLY_ACTIVE_ARCH = YES;
				SDKROOT = iphoneos;
				SWIFT_ACTIVE_COMPILATION_CONDITIONS = DEBUG;
				SWIFT_OPTIMIZATION_LEVEL = "-Onone";
			};
			name = Debug;
		};
		32B780D3263271AF002CF5A7 /* Release */ = {
			isa = XCBuildConfiguration;
			buildSettings = {
				ALWAYS_SEARCH_USER_PATHS = NO;
				CLANG_ANALYZER_NONNULL = YES;
				CLANG_ANALYZER_NUMBER_OBJECT_CONVERSION = YES_AGGRESSIVE;
				CLANG_CXX_LANGUAGE_STANDARD = "gnu++14";
				CLANG_CXX_LIBRARY = "libc++";
				CLANG_ENABLE_MODULES = YES;
				CLANG_ENABLE_OBJC_ARC = YES;
				CLANG_ENABLE_OBJC_WEAK = YES;
				CLANG_WARN_BLOCK_CAPTURE_AUTORELEASING = YES;
				CLANG_WARN_BOOL_CONVERSION = YES;
				CLANG_WARN_COMMA = YES;
				CLANG_WARN_CONSTANT_CONVERSION = YES;
				CLANG_WARN_DEPRECATED_OBJC_IMPLEMENTATIONS = YES;
				CLANG_WARN_DIRECT_OBJC_ISA_USAGE = YES_ERROR;
				CLANG_WARN_DOCUMENTATION_COMMENTS = YES;
				CLANG_WARN_EMPTY_BODY = YES;
				CLANG_WARN_ENUM_CONVERSION = YES;
				CLANG_WARN_INFINITE_RECURSION = YES;
				CLANG_WARN_INT_CONVERSION = YES;
				CLANG_WARN_NON_LITERAL_NULL_CONVERSION = YES;
				CLANG_WARN_OBJC_IMPLICIT_RETAIN_SELF = YES;
				CLANG_WARN_OBJC_LITERAL_CONVERSION = YES;
				CLANG_WARN_OBJC_ROOT_CLASS = YES_ERROR;
				CLANG_WARN_QUOTED_INCLUDE_IN_FRAMEWORK_HEADER = YES;
				CLANG_WARN_RANGE_LOOP_ANALYSIS = YES;
				CLANG_WARN_STRICT_PROTOTYPES = YES;
				CLANG_WARN_SUSPICIOUS_MOVE = YES;
				CLANG_WARN_UNGUARDED_AVAILABILITY = YES_AGGRESSIVE;
				CLANG_WARN_UNREACHABLE_CODE = YES;
				CLANG_WARN__DUPLICATE_METHOD_MATCH = YES;
				COPY_PHASE_STRIP = NO;
				DEBUG_INFORMATION_FORMAT = "dwarf-with-dsym";
				ENABLE_NS_ASSERTIONS = NO;
				ENABLE_STRICT_OBJC_MSGSEND = YES;
				GCC_C_LANGUAGE_STANDARD = gnu11;
				GCC_NO_COMMON_BLOCKS = YES;
				GCC_WARN_64_TO_32_BIT_CONVERSION = YES;
				GCC_WARN_ABOUT_RETURN_TYPE = YES_ERROR;
				GCC_WARN_UNDECLARED_SELECTOR = YES;
				GCC_WARN_UNINITIALIZED_AUTOS = YES_AGGRESSIVE;
				GCC_WARN_UNUSED_FUNCTION = YES;
				GCC_WARN_UNUSED_VARIABLE = YES;
				IPHONEOS_DEPLOYMENT_TARGET = 14.4;
				MTL_ENABLE_DEBUG_INFO = NO;
				MTL_FAST_MATH = YES;
				SDKROOT = iphoneos;
				SWIFT_COMPILATION_MODE = wholemodule;
				SWIFT_OPTIMIZATION_LEVEL = "-O";
				VALIDATE_PRODUCT = YES;
			};
			name = Release;
		};
		32B780D5263271AF002CF5A7 /* Debug */ = {
			isa = XCBuildConfiguration;
			buildSettings = {
				ASSETCATALOG_COMPILER_APPICON_NAME = AppIcon;
				ASSETCATALOG_COMPILER_GLOBAL_ACCENT_COLOR_NAME = AccentColor;
				CODE_SIGN_IDENTITY = "Apple Development";
				CODE_SIGN_STYLE = Automatic;
				DEVELOPMENT_ASSET_PATHS = "\"ResumeApp/Preview Content\"";
				DEVELOPMENT_TEAM = 9UWW63R6UB;
				ENABLE_PREVIEWS = YES;
				INFOPLIST_FILE = ResumeApp/Info.plist;
				IPHONEOS_DEPLOYMENT_TARGET = 14.0;
				LD_RUNPATH_SEARCH_PATHS = (
					"$(inherited)",
					"@executable_path/Frameworks",
				);
				PRODUCT_BUNDLE_IDENTIFIER = evnlwang.ResumeApp;
				PRODUCT_NAME = "$(TARGET_NAME)";
				PROVISIONING_PROFILE_SPECIFIER = "";
				SWIFT_VERSION = 5.0;
				TARGETED_DEVICE_FAMILY = "1,2";
			};
			name = Debug;
		};
		32B780D6263271AF002CF5A7 /* Release */ = {
			isa = XCBuildConfiguration;
			buildSettings = {
				ASSETCATALOG_COMPILER_APPICON_NAME = AppIcon;
				ASSETCATALOG_COMPILER_GLOBAL_ACCENT_COLOR_NAME = AccentColor;
				CODE_SIGN_IDENTITY = "Apple Development";
				CODE_SIGN_STYLE = Automatic;
				DEVELOPMENT_ASSET_PATHS = "\"ResumeApp/Preview Content\"";
				DEVELOPMENT_TEAM = 9UWW63R6UB;
				ENABLE_PREVIEWS = YES;
				INFOPLIST_FILE = ResumeApp/Info.plist;
				IPHONEOS_DEPLOYMENT_TARGET = 14.0;
				LD_RUNPATH_SEARCH_PATHS = (
					"$(inherited)",
					"@executable_path/Frameworks",
				);
				PRODUCT_BUNDLE_IDENTIFIER = evnlwang.ResumeApp;
				PRODUCT_NAME = "$(TARGET_NAME)";
				PROVISIONING_PROFILE_SPECIFIER = "";
				SWIFT_VERSION = 5.0;
				TARGETED_DEVICE_FAMILY = "1,2";
			};
			name = Release;
		};
/* End XCBuildConfiguration section */

/* Begin XCConfigurationList section */
		32B780C0263271AE002CF5A7 /* Build configuration list for PBXProject "ResumeApp" */ = {
			isa = XCConfigurationList;
			buildConfigurations = (
				32B780D2263271AF002CF5A7 /* Debug */,
				32B780D3263271AF002CF5A7 /* Release */,
			);
			defaultConfigurationIsVisible = 0;
			defaultConfigurationName = Release;
		};
		32B780D4263271AF002CF5A7 /* Build configuration list for PBXNativeTarget "ResumeApp" */ = {
			isa = XCConfigurationList;
			buildConfigurations = (
				32B780D5263271AF002CF5A7 /* Debug */,
				32B780D6263271AF002CF5A7 /* Release */,
			);
			defaultConfigurationIsVisible = 0;
			defaultConfigurationName = Release;
		};
/* End XCConfigurationList section */
	};
	rootObject = 32B780BD263271AE002CF5A7 /* Project object */;
}
